github.com/coral/fluidsynth2 v0.1.0 h1:jfQC0ndHB8uKk0kOVuvrXesyAlhPPhUkv7VTsNH+Qgw=
github.com/coral/fluidsynth2 v0.1.0/go.mod h1:ucImHg1qCKhB89pTFdFth7lXgZL8PLMnDFplfiuAfRk=
github.com/davecgh/go-spew v1.1.1/go.mod h1:J7Y8YcW2NihsgmVo/mv3lAwl/skON4iLHjSsI+c5H38=
github.com/fogleman/gg v1.3.0/go.mod h1:R/bRT+9gY/C5z7JzPU0zXsXHKM4/ayA+zqcVNZzPa1k=
github.com/go-daq/smbus v0.0.0-20201216173259-5725b4593606 h1:1lyGjYJXpYkF6fGQbhAIOdIaeymKQuS6RJVLVlTzc5w=
github.com/go-daq/smbus v0.0.0-20201216173259-5725b4593606/go.mod h1:KDYiP7UvrtHRqnVLE6ziKupbojinMHjFUdo+1VA7r/Q=
github.com/golang/freetype v0.0.0-20170609003504-e2365dfdc4a0/go.mod h1:E/TSTwGwJL78qG/PmXZO1EjYhfJinVAhrmmHX6Z8B9k=
github.com/maruel/ansi256 v1.0.2/go.mod h1:x7uow2KFkUgjdzvYHyfZuMEOTGKvCYLyVUHIVg1vYic=
github.com/mattn/go-colorable v0.1.8/go.mod h1:u6P/XSegPjTcexA+o6vUJrdnUu04hMope9wVRipJSqc=
github.com/mattn/go-isatty v0.0.12/go.mod h1:cbi8OIDigv2wuxKPP5vlRcQ1OAZbq2CE4Kysco4FUpU=
github.com/mattn/go-isatty v0.0.13/go.mod h1:cbi8OIDigv2wuxKPP5vlRcQ1OAZbq2CE4Kysco4FUpU=
github.com/nfnt/resize v0.0.0-20180221191011-83c6a9932646 h1:zYyBkD/k9seD2A7fsi6Oo2LfFZAehjjQMERAvZLEDnQ=
github.com/nfnt/resize v0.0.0-20180221191011-83c6a9932646/go.mod h1:jpp1/29i3P1S/RLdc7JQKbRpFeM1dOBd8T9ki5s+AY8=
github.com/pmezard/go-difflib v1.0.0/go.mod h1:iKH77koFhYxTK1pcRnkKkqfTogsbg7gZNVY4sRDYZ/4=
github.com/rainu/launchpad v1.2.0 h1:MyNquZxy/QqMjApQG0qJyeczy7eykONaXuKIAvbqwYE=
github.com/rainu/launchpad v1.2.0/go.mod h1:A/CiBPGmZjjcVqeRh431zuvLgYMsp9SDTkHwszniF+A=
github.com/rakyll/launchpad v0.1.0 h1:3jJGD3G6TsdvjziSoIkLLyM1PQVFpTe6qe1UAuhkrBA=
github.com/rakyll/launchpad v0.1.0/go.mod h1:SO28NeQn5O4nLIv4/k6sXt6PPTW2M1GjSulhpFwWpkw=
github.com/rakyll/portmidi v0.0.0-20191102002215-74e95e8bc9b1 h1:ayxM9WkC6QRX0QnfrbZa98pfFqrNq1jo+58rWL1qjZs=
github.com/rakyll/portmidi v0.0.0-20191102002215-74e95e8bc9b1/go.mod h1:xKffaBd7e1YUoLpR2azvJqkxEdUDNGNDMlsUNdv6Bcs=
github.com/raspberrypi-go-drivers/button v0.0.0-20201218194336-d7e7fbd8a9e3/go.mod h1:RIIV7skog69MF01TGnz+P0eQMYo6O4PtR/4aydrIt1A=
github.com/sirupsen/logrus v1.7.0/go.mod h1:yWOB1SBYBC5VeMP7gHvWumXLIWorT60ONWic61uBYv0=
github.com/stianeikeland/go-rpio/v4 v4.4.0/go.mod h1:BkK52zk+FRk8wCTDf88/86Sojc+NfUiCAHd1ZV3RuTM=
github.com/stretchr/testify v1.2.2/go.mod h1:a8OnRcib4nhh0OaRAV+Yts87kKdq0PP7pXfy6kDkUVs=
github.com/xthexder/go-jack v0.0.0-20201026211055-5b07fb071116 h1:03B3T3Dx1V/ZgapsHWtiyUtd6fGLVYNE8G4EYWoluRE=
github.com/xthexder/go-jack v0.0.0-20201026211055-5b07fb071116/go.mod h1:0UTXja5DHE3Z5tqm0WxYwpsclGdma/82Vw1JszrfzOE=
gitlab.com/gomidi/midi v1.17.2 h1:+XGfP4u+XhWG4yThCGKvXZSVigZTbC8+ibPbIKC9dH8=
gitlab.com/gomidi/midi v1.17.2/go.mod h1:3ohtNOhqoSakkuLG/Li1OI6I3J1c2LErnJF5o/VBq1c=
gitlab.com/gomidi/midi v1.21.0 h1:eyoUlx7/PTRUcmWWWD3OKxUYuRWbcDa2rCvRYY7Y4yc=
gitlab.com/gomidi/midi v1.21.0/go.mod h1:3ohtNOhqoSakkuLG/Li1OI6I3J1c2LErnJF5o/VBq1c=
gitlab.com/gomidi/rtmididrv v0.14.0 h1:IBkDsqXs1RuFoRWgQbyYEpwe0hoXZ17FLTZaJuyXWx0=
gitlab.com/gomidi/rtmididrv v0.14.0/go.mod h1:p/6IL1LGgj7utcv3wXudsDWiD9spgAdn0O8LDsGIPG0=
golang.org/x/image v0.0.0-20210220032944-ac19c3e999fb/go.mod h1:FeLwcggjj3mMvU+oOTbSwawSJRM1uh48EjtB4UJZlP0=
golang.org/x/image v0.0.0-20210628002857-a66eb6448b8d h1:RNPAfi2nHY7C2srAV8A49jpsYr0ADedCk1wq6fTMTvs=
golang.org/x/image v0.0.0-20210628002857-a66eb6448b8d/go.mod h1:023OzeP/+EPmXeapQh35lcL3II3LrY8Ic+EFFKVhULM=
golang.org/x/sys v0.0.0-20191026070338-33540a1f6037/go.mod h1:h1NjWce9XRLGQEsW7wpKNCjG9DtNlClVuFLEZdDNbEs=
golang.org/x/sys v0.0.0-20200116001909-b77594299b42/go.mod h1:h1NjWce9XRLGQEsW7wpKNCjG9DtNlClVuFLEZdDNbEs=
golang.org/x/sys v0.0.0-20200223170610-d5e6a3e2c0ae/go.mod h1:h1NjWce9XRLGQEsW7wpKNCjG9DtNlClVuFLEZdDNbEs=
golang.org/x/sys v0.0.0-20210525143221-35b2ab0089ea/go.mod h1:oPkhp1MJrh7nUepCBck5+mAzfO9JrbApNNgaTdGDITg=
golang.org/x/text v0.3.0/go.mod h1:NqM8EUOU14njkJ3fqMW+pc6Ldnwhi/IjpwHt7yyuwOQ=
golang.org/x/text v0.3.6/go.mod h1:5Zoc/QRtKVWzQhOtBMvqHzDpF6irO9z98xDceosuGiQ=
golang.org/x/tools v0.0.0-20180917221912-90fa682c2a6e/go.mod h1:n7NCudcB/nEzxVGmLbDWY5pfWTLqBcC2KZ6jyYvM4mQ=
periph.io/x/conn/v3 v3.6.8 h1:fnNSwSoKPzpoLOSxml70EInaP6YrrqcucP3KDfNxpmU=
periph.io/x/conn/v3 v3.6.8/go.mod h1:3OD27w9YVa5DS97VsUxsPGzD9Qrm5Ny7cF5b6xMMIWg=
periph.io/x/d2xx v0.0.1 h1:7iCO/aVK6k9GSZ45DcpMU8sOOcVLCqO/cheSm7nMUG0=
periph.io/x/d2xx v0.0.1/go.mod h1:38Euaaj+s6l0faIRHh32a+PrjXvxFTFkPBEQI0TKg34=
periph.io/x/devices/v3 v3.6.11 h1:1BtnoM1tP6tWdJc0nSwMnTg33HXoSn6MX3bUycGyV/A=
periph.io/x/devices/v3 v3.6.11/go.mod h1:IMAwLNCAspcOhWed1siiZYlFlj2btxp9XIPBzzgNIvQ=
periph.io/x/host/v3 v3.7.0 h1:9CP/j0FcJmR+PRHlNzAmhV6Mt3GXoWnPmRhknJlQhnE=
periph.io/x/host/v3 v3.7.0/go.mod h1:okb5m0yUYLTM/dnMYWMBX47w4owTzyCPLpZUQb35nhs=
